
Microsoft Visual Studio Solution File, Format Version 12.00
# Visual Studio Version 16
VisualStudioVersion = 16.0.31112.23
MinimumVisualStudioVersion = 10.0.40219.1
Project("{2150E333-8FDC-42A3-9474-1A3956D46DE8}") = "1. Presentation", "1. Presentation", "{01C93B94-BC52-4385-BEBE-8B8A77FCEF45}"
EndProject
Project("{2150E333-8FDC-42A3-9474-1A3956D46DE8}") = "2. Application", "2. Application", "{7E6BAA9B-D2D4-4EDB-A266-9E245FB8DA3D}"
EndProject
Project("{2150E333-8FDC-42A3-9474-1A3956D46DE8}") = "3. Infra", "3. Infra", "{C15341BD-919F-4E61-AF30-02954A53B769}"
EndProject
Project("{2150E333-8FDC-42A3-9474-1A3956D46DE8}") = "4. Domain", "4. Domain", "{AC9233CE-4292-4AE0-AC3C-1FC1A7F5350C}"
EndProject
Project("{2150E333-8FDC-42A3-9474-1A3956D46DE8}") = "3.1 Data", "3.1 Data", "{3B1C4375-951A-4EE5-B026-DC7A2F18FD05}"
EndProject
Project("{2150E333-8FDC-42A3-9474-1A3956D46DE8}") = "3.2 CrossCutting", "3.2 CrossCutting", "{A1ECBD92-3949-4BF2-AC15-071C045D0CB0}"
EndProject
Project("{2150E333-8FDC-42A3-9474-1A3956D46DE8}") = "5. Tests", "5. Tests", "{FEA2DFBE-5A0C-4E73-A683-2C77F5D5F972}"
EndProject
Project("{9A19103F-16F7-4668-BE54-9A1E7A4F7556}") = "Anazon.Presentation.Api", "Anazon.Presentation.Api\Anazon.Presentation.Api.csproj", "{551EC219-F492-40C7-B98C-FC73DA267BAA}"
EndProject
Project("{9A19103F-16F7-4668-BE54-9A1E7A4F7556}") = "Anazon.Domain", "Anazon.Domain\Anazon.Domain.csproj", "{F46E63F0-E8A1-4374-9347-06F77E6B3048}"
EndProject
Project("{9A19103F-16F7-4668-BE54-9A1E7A4F7556}") = "Anazon.Infra.Data", "Anazon.Infra.Data\Anazon.Infra.Data.csproj", "{BDA44E9F-BFA6-4F48-8EED-76E557C81C1B}"
EndProject
Project("{9A19103F-16F7-4668-BE54-9A1E7A4F7556}") = "Anazon.Application", "Anazon.Application\Anazon.Application.csproj", "{AC040094-A516-4604-90F8-E04D15764A15}"
EndProject
Project("{2150E333-8FDC-42A3-9474-1A3956D46DE8}") = "5.3 Data", "5.3 Data", "{479C1EBA-ADA2-49FA-8CD1-EE66FE760E80}"
EndProject
Project("{9A19103F-16F7-4668-BE54-9A1E7A4F7556}") = "Anazon.Tests.Data", "Anazon.Tests.Data\Anazon.Tests.Data.csproj", "{5F69C4F1-00E0-4525-B13A-D2831D890C48}"
EndProject
Project("{2150E333-8FDC-42A3-9474-1A3956D46DE8}") = "5.2 Application", "5.2 Application", "{2E896CFC-D93F-44F0-AE11-294A28974DD8}"
EndProject
Project("{9A19103F-16F7-4668-BE54-9A1E7A4F7556}") = "Anazon.Tests.Application", "Anazon.Tests.Application\Anazon.Tests.Application.csproj", "{6D868CEC-BC52-448D-99B0-F29535261515}"
EndProject
Project("{2150E333-8FDC-42A3-9474-1A3956D46DE8}") = "5.0 Common", "5.0 Common", "{A07B5FE4-44DC-49BE-A064-2975109CF127}"
EndProject
Project("{9A19103F-16F7-4668-BE54-9A1E7A4F7556}") = "Anazon.Tests.Common", "Anazon.Tests.Common\Anazon.Tests.Common.csproj", "{A240635B-8A18-47CD-9A53-1E36129F1BEA}"
EndProject
Project("{2150E333-8FDC-42A3-9474-1A3956D46DE8}") = "5.1 Presentation", "5.1 Presentation", "{DE49166C-F98F-4BBF-9684-559A641642B7}"
EndProject
Project("{9A19103F-16F7-4668-BE54-9A1E7A4F7556}") = "Anazon.Tests.Presentation.Api", "Anazon.Tests.Presentation.Api\Anazon.Tests.Presentation.Api.csproj", "{E935DA78-1200-4D71-8362-607988B45EC4}"
EndProject
Project("{2150E333-8FDC-42A3-9474-1A3956D46DE8}") = "3.3 IoC", "3.3 IoC", "{CF63BD6A-40BF-46E6-B6C4-E0E0ACCF0A67}"
EndProject
Project("{FAE04EC0-301F-11D3-BF4B-00C04F79EFBC}") = "Anazon.Infra.IoC", "Anazon.Infra.IoC\Anazon.Infra.IoC.csproj", "{4E7AA2DD-32E3-4107-93E5-78CFED094F35}"
EndProject
Global
	GlobalSection(SolutionConfigurationPlatforms) = preSolution
		Debug|Any CPU = Debug|Any CPU
		Release|Any CPU = Release|Any CPU
	EndGlobalSection
	GlobalSection(ProjectConfigurationPlatforms) = postSolution
		{551EC219-F492-40C7-B98C-FC73DA267BAA}.Debug|Any CPU.ActiveCfg = Debug|Any CPU
		{551EC219-F492-40C7-B98C-FC73DA267BAA}.Debug|Any CPU.Build.0 = Debug|Any CPU
		{551EC219-F492-40C7-B98C-FC73DA267BAA}.Release|Any CPU.ActiveCfg = Release|Any CPU
		{551EC219-F492-40C7-B98C-FC73DA267BAA}.Release|Any CPU.Build.0 = Release|Any CPU
		{F46E63F0-E8A1-4374-9347-06F77E6B3048}.Debug|Any CPU.ActiveCfg = Debug|Any CPU
		{F46E63F0-E8A1-4374-9347-06F77E6B3048}.Debug|Any CPU.Build.0 = Debug|Any CPU
		{F46E63F0-E8A1-4374-9347-06F77E6B3048}.Release|Any CPU.ActiveCfg = Release|Any CPU
		{F46E63F0-E8A1-4374-9347-06F77E6B3048}.Release|Any CPU.Build.0 = Release|Any CPU
		{BDA44E9F-BFA6-4F48-8EED-76E557C81C1B}.Debug|Any CPU.ActiveCfg = Debug|Any CPU
		{BDA44E9F-BFA6-4F48-8EED-76E557C81C1B}.Debug|Any CPU.Build.0 = Debug|Any CPU
		{BDA44E9F-BFA6-4F48-8EED-76E557C81C1B}.Release|Any CPU.ActiveCfg = Release|Any CPU
		{BDA44E9F-BFA6-4F48-8EED-76E557C81C1B}.Release|Any CPU.Build.0 = Release|Any CPU
		{AC040094-A516-4604-90F8-E04D15764A15}.Debug|Any CPU.ActiveCfg = Debug|Any CPU
		{AC040094-A516-4604-90F8-E04D15764A15}.Debug|Any CPU.Build.0 = Debug|Any CPU
		{AC040094-A516-4604-90F8-E04D15764A15}.Release|Any CPU.ActiveCfg = Release|Any CPU
		{AC040094-A516-4604-90F8-E04D15764A15}.Release|Any CPU.Build.0 = Release|Any CPU
		{5F69C4F1-00E0-4525-B13A-D2831D890C48}.Debug|Any CPU.ActiveCfg = Debug|Any CPU
		{5F69C4F1-00E0-4525-B13A-D2831D890C48}.Debug|Any CPU.Build.0 = Debug|Any CPU
		{5F69C4F1-00E0-4525-B13A-D2831D890C48}.Release|Any CPU.ActiveCfg = Release|Any CPU
		{5F69C4F1-00E0-4525-B13A-D2831D890C48}.Release|Any CPU.Build.0 = Release|Any CPU
		{6D868CEC-BC52-448D-99B0-F29535261515}.Debug|Any CPU.ActiveCfg = Debug|Any CPU
		{6D868CEC-BC52-448D-99B0-F29535261515}.Debug|Any CPU.Build.0 = Debug|Any CPU
		{6D868CEC-BC52-448D-99B0-F29535261515}.Release|Any CPU.ActiveCfg = Release|Any CPU
		{6D868CEC-BC52-448D-99B0-F29535261515}.Release|Any CPU.Build.0 = Release|Any CPU
		{A240635B-8A18-47CD-9A53-1E36129F1BEA}.Debug|Any CPU.ActiveCfg = Debug|Any CPU
		{A240635B-8A18-47CD-9A53-1E36129F1BEA}.Debug|Any CPU.Build.0 = Debug|Any CPU
		{A240635B-8A18-47CD-9A53-1E36129F1BEA}.Release|Any CPU.ActiveCfg = Release|Any CPU
		{A240635B-8A18-47CD-9A53-1E36129F1BEA}.Release|Any CPU.Build.0 = Release|Any CPU
		{E935DA78-1200-4D71-8362-607988B45EC4}.Debug|Any CPU.ActiveCfg = Debug|Any CPU
		{E935DA78-1200-4D71-8362-607988B45EC4}.Debug|Any CPU.Build.0 = Debug|Any CPU
		{E935DA78-1200-4D71-8362-607988B45EC4}.Release|Any CPU.ActiveCfg = Release|Any CPU
		{E935DA78-1200-4D71-8362-607988B45EC4}.Release|Any CPU.Build.0 = Release|Any CPU
		{4E7AA2DD-32E3-4107-93E5-78CFED094F35}.Debug|Any CPU.ActiveCfg = Debug|Any CPU
		{4E7AA2DD-32E3-4107-93E5-78CFED094F35}.Debug|Any CPU.Build.0 = Debug|Any CPU
		{4E7AA2DD-32E3-4107-93E5-78CFED094F35}.Release|Any CPU.ActiveCfg = Release|Any CPU
		{4E7AA2DD-32E3-4107-93E5-78CFED094F35}.Release|Any CPU.Build.0 = Release|Any CPU
	EndGlobalSection
	GlobalSection(SolutionProperties) = preSolution
		HideSolutionNode = FALSE
	EndGlobalSection
	GlobalSection(NestedProjects) = preSolution
		{3B1C4375-951A-4EE5-B026-DC7A2F18FD05} = {C15341BD-919F-4E61-AF30-02954A53B769}
		{A1ECBD92-3949-4BF2-AC15-071C045D0CB0} = {C15341BD-919F-4E61-AF30-02954A53B769}
		{551EC219-F492-40C7-B98C-FC73DA267BAA} = {01C93B94-BC52-4385-BEBE-8B8A77FCEF45}
		{F46E63F0-E8A1-4374-9347-06F77E6B3048} = {AC9233CE-4292-4AE0-AC3C-1FC1A7F5350C}
		{BDA44E9F-BFA6-4F48-8EED-76E557C81C1B} = {3B1C4375-951A-4EE5-B026-DC7A2F18FD05}
		{AC040094-A516-4604-90F8-E04D15764A15} = {7E6BAA9B-D2D4-4EDB-A266-9E245FB8DA3D}
		{479C1EBA-ADA2-49FA-8CD1-EE66FE760E80} = {FEA2DFBE-5A0C-4E73-A683-2C77F5D5F972}
		{5F69C4F1-00E0-4525-B13A-D2831D890C48} = {479C1EBA-ADA2-49FA-8CD1-EE66FE760E80}
		{2E896CFC-D93F-44F0-AE11-294A28974DD8} = {FEA2DFBE-5A0C-4E73-A683-2C77F5D5F972}
		{6D868CEC-BC52-448D-99B0-F29535261515} = {2E896CFC-D93F-44F0-AE11-294A28974DD8}
		{A07B5FE4-44DC-49BE-A064-2975109CF127} = {FEA2DFBE-5A0C-4E73-A683-2C77F5D5F972}
		{A240635B-8A18-47CD-9A53-1E36129F1BEA} = {A07B5FE4-44DC-49BE-A064-2975109CF127}
		{DE49166C-F98F-4BBF-9684-559A641642B7} = {FEA2DFBE-5A0C-4E73-A683-2C77F5D5F972}
		{E935DA78-1200-4D71-8362-607988B45EC4} = {DE49166C-F98F-4BBF-9684-559A641642B7}
		{CF63BD6A-40BF-46E6-B6C4-E0E0ACCF0A67} = {C15341BD-919F-4E61-AF30-02954A53B769}
		{4E7AA2DD-32E3-4107-93E5-78CFED094F35} = {CF63BD6A-40BF-46E6-B6C4-E0E0ACCF0A67}
	EndGlobalSection
	GlobalSection(ExtensibilityGlobals) = postSolution
		SolutionGuid = {4EF459FF-47C8-472E-89D3-8E3AFC8459A4}
	EndGlobalSection
EndGlobal
